
Microsoft Visual Studio Solution File, Format Version 12.00
# Visual Studio Version 17
VisualStudioVersion = 17.1.32421.90
MinimumVisualStudioVersion = 10.0.40219.1
Project("{9A19103F-16F7-4668-BE54-9A1E7A4F7556}") = "OOCSI.Client", "OOCSI\OOCSI.Client.csproj", "{362A427E-B247-499B-83BF-79226A870135}"
EndProject
Project("{FAE04EC0-301F-11D3-BF4B-00C04F79EFBC}") = "OOCSI Test Client", "OOCSI Test Client\OOCSI Test Client.csproj", "{A4EFB08C-AE66-4C95-A33B-BABAACA67007}"
EndProject
Project("{FAE04EC0-301F-11D3-BF4B-00C04F79EFBC}") = "OOCSI.Server", "OOCSI.Server\OOCSI.Server.csproj", "{D874F15A-F585-4112-83AC-6EA208693709}"
EndProject
Global
	GlobalSection(SolutionConfigurationPlatforms) = preSolution
		Debug|Any CPU = Debug|Any CPU
		Release|Any CPU = Release|Any CPU
	EndGlobalSection
	GlobalSection(ProjectConfigurationPlatforms) = postSolution
		{362A427E-B247-499B-83BF-79226A870135}.Debug|Any CPU.ActiveCfg = Debug|Any CPU
		{362A427E-B247-499B-83BF-79226A870135}.Debug|Any CPU.Build.0 = Debug|Any CPU
		{362A427E-B247-499B-83BF-79226A870135}.Release|Any CPU.ActiveCfg = Release|Any CPU
		{362A427E-B247-499B-83BF-79226A870135}.Release|Any CPU.Build.0 = Release|Any CPU
		{A4EFB08C-AE66-4C95-A33B-BABAACA67007}.Debug|Any CPU.ActiveCfg = Debug|Any CPU
		{A4EFB08C-AE66-4C95-A33B-BABAACA67007}.Debug|Any CPU.Build.0 = Debug|Any CPU
		{A4EFB08C-AE66-4C95-A33B-BABAACA67007}.Release|Any CPU.ActiveCfg = Release|Any CPU
		{A4EFB08C-AE66-4C95-A33B-BABAACA67007}.Release|Any CPU.Build.0 = Release|Any CPU
		{D874F15A-F585-4112-83AC-6EA208693709}.Debug|Any CPU.ActiveCfg = Debug|Any CPU
		{D874F15A-F585-4112-83AC-6EA208693709}.Debug|Any CPU.Build.0 = Debug|Any CPU
		{D874F15A-F585-4112-83AC-6EA208693709}.Release|Any CPU.ActiveCfg = Release|Any CPU
		{D874F15A-F585-4112-83AC-6EA208693709}.Release|Any CPU.Build.0 = Release|Any CPU
	EndGlobalSection
	GlobalSection(SolutionProperties) = preSolution
		HideSolutionNode = FALSE
	EndGlobalSection
	GlobalSection(ExtensibilityGlobals) = postSolution
		SolutionGuid = {2A107C7E-75A2-4C44-906B-FE466221E842}
	EndGlobalSection
EndGlobal
